
Microsoft Visual Studio Solution File, Format Version 12.00
# Visual Studio Version 17
VisualStudioVersion = 17.14.36202.13 d17.14
MinimumVisualStudioVersion = 10.0.40219.1
Project("{FAE04EC0-301F-11D3-BF4B-00C04F79EFBC}") = "NGOPlatformWeb", "NGOPlatformWeb\NGOPlatformWeb.csproj", "{41216798-5F5E-4C59-A5C0-AB594AF3D82A}"
EndProject
Global
	GlobalSection(SolutionConfigurationPlatforms) = preSolution
		Debug|Any CPU = Debug|Any CPU
		Release|Any CPU = Release|Any CPU
	EndGlobalSection
	GlobalSection(ProjectConfigurationPlatforms) = postSolution
		{41216798-5F5E-4C59-A5C0-AB594AF3D82A}.Debug|Any CPU.ActiveCfg = Debug|Any CPU
		{41216798-5F5E-4C59-A5C0-AB594AF3D82A}.Debug|Any CPU.Build.0 = Debug|Any CPU
		{41216798-5F5E-4C59-A5C0-AB594AF3D82A}.Release|Any CPU.ActiveCfg = Release|Any CPU
		{41216798-5F5E-4C59-A5C0-AB594AF3D82A}.Release|Any CPU.Build.0 = Release|Any CPU
	EndGlobalSection
	GlobalSection(SolutionProperties) = preSolution
		HideSolutionNode = FALSE
	EndGlobalSection
	GlobalSection(ExtensibilityGlobals) = postSolution
		SolutionGuid = {526F4C6A-9D09-475B-A0D1-F56A060F55F9}
	EndGlobalSection
EndGlobal
